
Microsoft Visual Studio Solution File, Format Version 12.00
# Visual Studio Version 17
VisualStudioVersion = 17.1.32210.238
MinimumVisualStudioVersion = 10.0.40219.1
Project("{FAE04EC0-301F-11D3-BF4B-00C04F79EFBC}") = "Project 0.1", "Project 0.1.csproj", "{3913C0FD-72A0-403A-8767-A15D5940DAB0}"
EndProject
Global
	GlobalSection(SolutionConfigurationPlatforms) = preSolution
		Debug|Any CPU = Debug|Any CPU
		Release|Any CPU = Release|Any CPU
	EndGlobalSection
	GlobalSection(ProjectConfigurationPlatforms) = postSolution
		{3913C0FD-72A0-403A-8767-A15D5940DAB0}.Debug|Any CPU.ActiveCfg = Debug|Any CPU
		{3913C0FD-72A0-403A-8767-A15D5940DAB0}.Debug|Any CPU.Build.0 = Debug|Any CPU
		{3913C0FD-72A0-403A-8767-A15D5940DAB0}.Release|Any CPU.ActiveCfg = Release|Any CPU
		{3913C0FD-72A0-403A-8767-A15D5940DAB0}.Release|Any CPU.Build.0 = Release|Any CPU
	EndGlobalSection
	GlobalSection(SolutionProperties) = preSolution
		HideSolutionNode = FALSE
	EndGlobalSection
	GlobalSection(ExtensibilityGlobals) = postSolution
		SolutionGuid = {77B06A77-0CBF-411E-89A1-E762C5260541}
	EndGlobalSection
EndGlobal
